
Microsoft Visual Studio Solution File, Format Version 12.00
# Visual Studio Version 16
VisualStudioVersion = 16.0.31205.175
MinimumVisualStudioVersion = 10.0.40219.1
Project("{9A19103F-16F7-4668-BE54-9A1E7A4F7556}") = "ReStock.Web", "ReStock.Web\ReStock.Web.csproj", "{0C7847E6-F978-4D68-814A-170EC10EC82D}"
EndProject
Global
	GlobalSection(SolutionConfigurationPlatforms) = preSolution
		Debug|Any CPU = Debug|Any CPU
		Release|Any CPU = Release|Any CPU
	EndGlobalSection
	GlobalSection(ProjectConfigurationPlatforms) = postSolution
		{0C7847E6-F978-4D68-814A-170EC10EC82D}.Debug|Any CPU.ActiveCfg = Debug|Any CPU
		{0C7847E6-F978-4D68-814A-170EC10EC82D}.Debug|Any CPU.Build.0 = Debug|Any CPU
		{0C7847E6-F978-4D68-814A-170EC10EC82D}.Release|Any CPU.ActiveCfg = Release|Any CPU
		{0C7847E6-F978-4D68-814A-170EC10EC82D}.Release|Any CPU.Build.0 = Release|Any CPU
	EndGlobalSection
	GlobalSection(SolutionProperties) = preSolution
		HideSolutionNode = FALSE
	EndGlobalSection
	GlobalSection(ExtensibilityGlobals) = postSolution
		SolutionGuid = {7EB62DD3-40B8-49F4-A110-6FDC00BCDDD5}
	EndGlobalSection
EndGlobal
